{
  "name": "@superset-ui/switchboard",
  "version": "0.18.26-1",
  "lockfileVersion": 2,
  "requires": true,
  "packages": {
    "": {
      "name": "@superset-ui/switchboard",
      "version": "0.18.26-1",
      "license": "Apache-2.0",
      "dependencies": {
        "@superset-ui/switchboard": "file:"
      }
    },
    "node_modules/@superset-ui/switchboard": {
      "resolved": "",
      "link": true
    }
  },
  "dependencies": {
    "@superset-ui/switchboard": {
      "version": "file:",
      "requires": {
        "@superset-ui/switchboard": "file:"
      }
    }
  }
}
